
Microsoft Visual Studio Solution File, Format Version 12.00
# Visual Studio 15
VisualStudioVersion = 15.0.28307.1022
MinimumVisualStudioVersion = 10.0.40219.1
Project("{FAE04EC0-301F-11D3-BF4B-00C04F79EFBC}") = "Serialization-Binary-XML", "Serialization-Binary-XML\Serialization-Binary-XML.csproj", "{4ABA7D01-C156-44BE-A7EB-0F8D8C1C1815}"
EndProject
Global
	GlobalSection(SolutionConfigurationPlatforms) = preSolution
		Debug|Any CPU = Debug|Any CPU
		Release|Any CPU = Release|Any CPU
	EndGlobalSection
	GlobalSection(ProjectConfigurationPlatforms) = postSolution
		{4ABA7D01-C156-44BE-A7EB-0F8D8C1C1815}.Debug|Any CPU.ActiveCfg = Debug|Any CPU
		{4ABA7D01-C156-44BE-A7EB-0F8D8C1C1815}.Debug|Any CPU.Build.0 = Debug|Any CPU
		{4ABA7D01-C156-44BE-A7EB-0F8D8C1C1815}.Release|Any CPU.ActiveCfg = Release|Any CPU
		{4ABA7D01-C156-44BE-A7EB-0F8D8C1C1815}.Release|Any CPU.Build.0 = Release|Any CPU
	EndGlobalSection
	GlobalSection(SolutionProperties) = preSolution
		HideSolutionNode = FALSE
	EndGlobalSection
	GlobalSection(ExtensibilityGlobals) = postSolution
		SolutionGuid = {B885739A-5D38-4570-B4AC-FFF5727FB59F}
	EndGlobalSection
EndGlobal
