
Microsoft Visual Studio Solution File, Format Version 12.00
# Visual Studio 15
VisualStudioVersion = 15.0.28307.1022
MinimumVisualStudioVersion = 10.0.40219.1
Project("{FAE04EC0-301F-11D3-BF4B-00C04F79EFBC}") = "Collections", "Collections\Collections.csproj", "{AAA36101-90CC-4F99-8845-FAFF3C8F09AA}"
EndProject
Global
	GlobalSection(SolutionConfigurationPlatforms) = preSolution
		Debug|Any CPU = Debug|Any CPU
		Release|Any CPU = Release|Any CPU
	EndGlobalSection
	GlobalSection(ProjectConfigurationPlatforms) = postSolution
		{AAA36101-90CC-4F99-8845-FAFF3C8F09AA}.Debug|Any CPU.ActiveCfg = Debug|Any CPU
		{AAA36101-90CC-4F99-8845-FAFF3C8F09AA}.Debug|Any CPU.Build.0 = Debug|Any CPU
		{AAA36101-90CC-4F99-8845-FAFF3C8F09AA}.Release|Any CPU.ActiveCfg = Release|Any CPU
		{AAA36101-90CC-4F99-8845-FAFF3C8F09AA}.Release|Any CPU.Build.0 = Release|Any CPU
	EndGlobalSection
	GlobalSection(SolutionProperties) = preSolution
		HideSolutionNode = FALSE
	EndGlobalSection
	GlobalSection(ExtensibilityGlobals) = postSolution
		SolutionGuid = {906CD1A7-ED2D-4CAB-85F4-CBCED8C7CE9D}
	EndGlobalSection
EndGlobal
